
Microsoft Visual Studio Solution File, Format Version 12.00
# Visual Studio 15
VisualStudioVersion = 15.0.28307.902
MinimumVisualStudioVersion = 10.0.40219.1
Project("{9A19103F-16F7-4668-BE54-9A1E7A4F7556}") = "ThunderFire", "ThunderFire\ThunderFire.csproj", "{26392394-5D40-4684-84EA-3356AD69F1B4}"
EndProject
Project("{9A19103F-16F7-4668-BE54-9A1E7A4F7556}") = "ThunderFire.Als", "ThunderFire.Als\ThunderFire.Als.csproj", "{6F3F4F1C-00A2-457B-9613-826060AC91F0}"
EndProject
Project("{9A19103F-16F7-4668-BE54-9A1E7A4F7556}") = "ThunderFire.Books", "ThunderFire.Books\ThunderFire.Books.csproj", "{6D2CFDB7-294E-4768-810B-B53FDB344CA4}"
EndProject
Global
	GlobalSection(SolutionConfigurationPlatforms) = preSolution
		Debug|Any CPU = Debug|Any CPU
		Release|Any CPU = Release|Any CPU
	EndGlobalSection
	GlobalSection(ProjectConfigurationPlatforms) = postSolution
		{26392394-5D40-4684-84EA-3356AD69F1B4}.Debug|Any CPU.ActiveCfg = Debug|Any CPU
		{26392394-5D40-4684-84EA-3356AD69F1B4}.Debug|Any CPU.Build.0 = Debug|Any CPU
		{26392394-5D40-4684-84EA-3356AD69F1B4}.Release|Any CPU.ActiveCfg = Release|Any CPU
		{26392394-5D40-4684-84EA-3356AD69F1B4}.Release|Any CPU.Build.0 = Release|Any CPU
		{6F3F4F1C-00A2-457B-9613-826060AC91F0}.Debug|Any CPU.ActiveCfg = Debug|Any CPU
		{6F3F4F1C-00A2-457B-9613-826060AC91F0}.Debug|Any CPU.Build.0 = Debug|Any CPU
		{6F3F4F1C-00A2-457B-9613-826060AC91F0}.Release|Any CPU.ActiveCfg = Release|Any CPU
		{6F3F4F1C-00A2-457B-9613-826060AC91F0}.Release|Any CPU.Build.0 = Release|Any CPU
		{6D2CFDB7-294E-4768-810B-B53FDB344CA4}.Debug|Any CPU.ActiveCfg = Debug|Any CPU
		{6D2CFDB7-294E-4768-810B-B53FDB344CA4}.Debug|Any CPU.Build.0 = Debug|Any CPU
		{6D2CFDB7-294E-4768-810B-B53FDB344CA4}.Release|Any CPU.ActiveCfg = Release|Any CPU
		{6D2CFDB7-294E-4768-810B-B53FDB344CA4}.Release|Any CPU.Build.0 = Release|Any CPU
	EndGlobalSection
	GlobalSection(SolutionProperties) = preSolution
		HideSolutionNode = FALSE
	EndGlobalSection
	GlobalSection(ExtensibilityGlobals) = postSolution
		SolutionGuid = {59C1DCAE-A8F5-41DD-B696-4BB3B132D86E}
	EndGlobalSection
EndGlobal
